// !$*UTF8*$!
{
	archiveVersion = 1;
	classes = {
	};
	objectVersion = 56;
	objects = {

/* Begin PBXBuildFile section */
		6090695A2BAEF95D003EB57B /* AppDelegate.swift in Sources */ = {isa = PBXBuildFile; fileRef = 609069592BAEF95D003EB57B /* AppDelegate.swift */; };
		6090695C2BAEF95D003EB57B /* SceneDelegate.swift in Sources */ = {isa = PBXBuildFile; fileRef = 6090695B2BAEF95D003EB57B /* SceneDelegate.swift */; };
		6090695E2BAEF95D003EB57B /* ViewController.swift in Sources */ = {isa = PBXBuildFile; fileRef = 6090695D2BAEF95D003EB57B /* ViewController.swift */; };
		609069612BAEF95D003EB57B /* Main.storyboard in Resources */ = {isa = PBXBuildFile; fileRef = 6090695F2BAEF95D003EB57B /* Main.storyboard */; };
		609069632BAEF95E003EB57B /* Assets.xcassets in Resources */ = {isa = PBXBuildFile; fileRef = 609069622BAEF95E003EB57B /* Assets.xcassets */; };
		609069662BAEF95E003EB57B /* LaunchScreen.storyboard in Resources */ = {isa = PBXBuildFile; fileRef = 609069642BAEF95E003EB57B /* LaunchScreen.storyboard */; };
		609069712BAEF95E003EB57B /* NCX_DraftTests.swift in Sources */ = {isa = PBXBuildFile; fileRef = 609069702BAEF95E003EB57B /* NCX_DraftTests.swift */; };
		6090697B2BAEF95E003EB57B /* NCX_DraftUITests.swift in Sources */ = {isa = PBXBuildFile; fileRef = 6090697A2BAEF95E003EB57B /* NCX_DraftUITests.swift */; };
		6090697D2BAEF95E003EB57B /* NCX_DraftUITestsLaunchTests.swift in Sources */ = {isa = PBXBuildFile; fileRef = 6090697C2BAEF95E003EB57B /* NCX_DraftUITestsLaunchTests.swift */; };
/* End PBXBuildFile section */

/* Begin PBXContainerItemProxy section */
		6090696D2BAEF95E003EB57B /* PBXContainerItemProxy */ = {
			isa = PBXContainerItemProxy;
			containerPortal = 6090694E2BAEF95D003EB57B /* Project object */;
			proxyType = 1;
			remoteGlobalIDString = 609069552BAEF95D003EB57B;
			remoteInfo = "NCX Draft";
		};
		609069772BAEF95E003EB57B /* PBXContainerItemProxy */ = {
			isa = PBXContainerItemProxy;
			containerPortal = 6090694E2BAEF95D003EB57B /* Project object */;
			proxyType = 1;
			remoteGlobalIDString = 609069552BAEF95D003EB57B;
			remoteInfo = "NCX Draft";
		};
/* End PBXContainerItemProxy section */

/* Begin PBXFileReference section */
		609069562BAEF95D003EB57B /* NCX Draft.app */ = {isa = PBXFileReference; explicitFileType = wrapper.application; includeInIndex = 0; path = "NCX Draft.app"; sourceTree = BUILT_PRODUCTS_DIR; };
		609069592BAEF95D003EB57B /* AppDelegate.swift */ = {isa = PBXFileReference; lastKnownFileType = sourcecode.swift; path = AppDelegate.swift; sourceTree = "<group>"; };
		6090695B2BAEF95D003EB57B /* SceneDelegate.swift */ = {isa = PBXFileReference; lastKnownFileType = sourcecode.swift; path = SceneDelegate.swift; sourceTree = "<group>"; };
		6090695D2BAEF95D003EB57B /* ViewController.swift */ = {isa = PBXFileReference; lastKnownFileType = sourcecode.swift; path = ViewController.swift; sourceTree = "<group>"; };
		609069602BAEF95D003EB57B /* Base */ = {isa = PBXFileReference; lastKnownFileType = file.storyboard; name = Base; path = Base.lproj/Main.storyboard; sourceTree = "<group>"; };
		609069622BAEF95E003EB57B /* Assets.xcassets */ = {isa = PBXFileReference; lastKnownFileType = folder.assetcatalog; path = Assets.xcassets; sourceTree = "<group>"; };
		609069652BAEF95E003EB57B /* Base */ = {isa = PBXFileReference; lastKnownFileType = file.storyboard; name = Base; path = Base.lproj/LaunchScreen.storyboard; sourceTree = "<group>"; };
		609069672BAEF95E003EB57B /* Info.plist */ = {isa = PBXFileReference; lastKnownFileType = text.plist.xml; path = Info.plist; sourceTree = "<group>"; };
		6090696C2BAEF95E003EB57B /* NCX DraftTests.xctest */ = {isa = PBXFileReference; explicitFileType = wrapper.cfbundle; includeInIndex = 0; path = "NCX DraftTests.xctest"; sourceTree = BUILT_PRODUCTS_DIR; };
		609069702BAEF95E003EB57B /* NCX_DraftTests.swift */ = {isa = PBXFileReference; lastKnownFileType = sourcecode.swift; path = NCX_DraftTests.swift; sourceTree = "<group>"; };
		609069762BAEF95E003EB57B /* NCX DraftUITests.xctest */ = {isa = PBXFileReference; explicitFileType = wrapper.cfbundle; includeInIndex = 0; path = "NCX DraftUITests.xctest"; sourceTree = BUILT_PRODUCTS_DIR; };
		6090697A2BAEF95E003EB57B /* NCX_DraftUITests.swift */ = {isa = PBXFileReference; lastKnownFileType = sourcecode.swift; path = NCX_DraftUITests.swift; sourceTree = "<group>"; };
		6090697C2BAEF95E003EB57B /* NCX_DraftUITestsLaunchTests.swift */ = {isa = PBXFileReference; lastKnownFileType = sourcecode.swift; path = NCX_DraftUITestsLaunchTests.swift; sourceTree = "<group>"; };
/* End PBXFileReference section */

/* Begin PBXFrameworksBuildPhase section */
		609069532BAEF95D003EB57B /* Frameworks */ = {
			isa = PBXFrameworksBuildPhase;
			buildActionMask = 2147483647;
			files = (
			);
			runOnlyForDeploymentPostprocessing = 0;
		};
		609069692BAEF95E003EB57B /* Frameworks */ = {
			isa = PBXFrameworksBuildPhase;
			buildActionMask = 2147483647;
			files = (
			);
			runOnlyForDeploymentPostprocessing = 0;
		};
		609069732BAEF95E003EB57B /* Frameworks */ = {
			isa = PBXFrameworksBuildPhase;
			buildActionMask = 2147483647;
			files = (
			);
			runOnlyForDeploymentPostprocessing = 0;
		};
/* End PBXFrameworksBuildPhase section */

/* Begin PBXGroup section */
		6090694D2BAEF95D003EB57B = {
			isa = PBXGroup;
			children = (
				609069582BAEF95D003EB57B /* NCX Draft */,
				6090696F2BAEF95E003EB57B /* NCX DraftTests */,
				609069792BAEF95E003EB57B /* NCX DraftUITests */,
				609069572BAEF95D003EB57B /* Products */,
			);
			sourceTree = "<group>";
		};
		609069572BAEF95D003EB57B /* Products */ = {
			isa = PBXGroup;
			children = (
				609069562BAEF95D003EB57B /* NCX Draft.app */,
				6090696C2BAEF95E003EB57B /* NCX DraftTests.xctest */,
				609069762BAEF95E003EB57B /* NCX DraftUITests.xctest */,
			);
			name = Products;
			sourceTree = "<group>";
		};
		609069582BAEF95D003EB57B /* NCX Draft */ = {
			isa = PBXGroup;
			children = (
				609069592BAEF95D003EB57B /* AppDelegate.swift */,
				6090695B2BAEF95D003EB57B /* SceneDelegate.swift */,
				6090695D2BAEF95D003EB57B /* ViewController.swift */,
				6090695F2BAEF95D003EB57B /* Main.storyboard */,
				609069622BAEF95E003EB57B /* Assets.xcassets */,
				609069642BAEF95E003EB57B /* LaunchScreen.storyboard */,
				609069672BAEF95E003EB57B /* Info.plist */,
			);
			path = "NCX Draft";
			sourceTree = "<group>";
		};
		6090696F2BAEF95E003EB57B /* NCX DraftTests */ = {
			isa = PBXGroup;
			children = (
				609069702BAEF95E003EB57B /* NCX_DraftTests.swift */,
			);
			path = "NCX DraftTests";
			sourceTree = "<group>";
		};
		609069792BAEF95E003EB57B /* NCX DraftUITests */ = {
			isa = PBXGroup;
			children = (
				6090697A2BAEF95E003EB57B /* NCX_DraftUITests.swift */,
				6090697C2BAEF95E003EB57B /* NCX_DraftUITestsLaunchTests.swift */,
			);
			path = "NCX DraftUITests";
			sourceTree = "<group>";
		};
/* End PBXGroup section */

/* Begin PBXNativeTarget section */
		609069552BAEF95D003EB57B /* NCX Draft */ = {
			isa = PBXNativeTarget;
			buildConfigurationList = 609069802BAEF95E003EB57B /* Build configuration list for PBXNativeTarget "NCX Draft" */;
			buildPhases = (
				609069522BAEF95D003EB57B /* Sources */,
				609069532BAEF95D003EB57B /* Frameworks */,
				609069542BAEF95D003EB57B /* Resources */,
			);
			buildRules = (
			);
			dependencies = (
			);
			name = "NCX Draft";
			productName = "NCX Draft";
			productReference = 609069562BAEF95D003EB57B /* NCX Draft.app */;
			productType = "com.apple.product-type.application";
		};
		6090696B2BAEF95E003EB57B /* NCX DraftTests */ = {
			isa = PBXNativeTarget;
			buildConfigurationList = 609069832BAEF95E003EB57B /* Build configuration list for PBXNativeTarget "NCX DraftTests" */;
			buildPhases = (
				609069682BAEF95E003EB57B /* Sources */,
				609069692BAEF95E003EB57B /* Frameworks */,
				6090696A2BAEF95E003EB57B /* Resources */,
			);
			buildRules = (
			);
			dependencies = (
				6090696E2BAEF95E003EB57B /* PBXTargetDependency */,
			);
			name = "NCX DraftTests";
			productName = "NCX DraftTests";
			productReference = 6090696C2BAEF95E003EB57B /* NCX DraftTests.xctest */;
			productType = "com.apple.product-type.bundle.unit-test";
		};
		609069752BAEF95E003EB57B /* NCX DraftUITests */ = {
			isa = PBXNativeTarget;
			buildConfigurationList = 609069862BAEF95E003EB57B /* Build configuration list for PBXNativeTarget "NCX DraftUITests" */;
			buildPhases = (
				609069722BAEF95E003EB57B /* Sources */,
				609069732BAEF95E003EB57B /* Frameworks */,
				609069742BAEF95E003EB57B /* Resources */,
			);
			buildRules = (
			);
			dependencies = (
				609069782BAEF95E003EB57B /* PBXTargetDependency */,
			);
			name = "NCX DraftUITests";
			productName = "NCX DraftUITests";
			productReference = 609069762BAEF95E003EB57B /* NCX DraftUITests.xctest */;
			productType = "com.apple.product-type.bundle.ui-testing";
		};
/* End PBXNativeTarget section */

/* Begin PBXProject section */
		6090694E2BAEF95D003EB57B /* Project object */ = {
			isa = PBXProject;
			attributes = {
				BuildIndependentTargetsInParallel = 1;
				LastSwiftUpdateCheck = 1500;
				LastUpgradeCheck = 1500;
				TargetAttributes = {
					609069552BAEF95D003EB57B = {
						CreatedOnToolsVersion = 15.0;
					};
					6090696B2BAEF95E003EB57B = {
						CreatedOnToolsVersion = 15.0;
						TestTargetID = 609069552BAEF95D003EB57B;
					};
					609069752BAEF95E003EB57B = {
						CreatedOnToolsVersion = 15.0;
						TestTargetID = 609069552BAEF95D003EB57B;
					};
				};
			};
			buildConfigurationList = 609069512BAEF95D003EB57B /* Build configuration list for PBXProject "NCX Draft" */;
			compatibilityVersion = "Xcode 14.0";
			developmentRegion = en;
			hasScannedForEncodings = 0;
			knownRegions = (
				en,
				Base,
			);
			mainGroup = 6090694D2BAEF95D003EB57B;
			productRefGroup = 609069572BAEF95D003EB57B /* Products */;
			projectDirPath = "";
			projectRoot = "";
			targets = (
				609069552BAEF95D003EB57B /* NCX Draft */,
				6090696B2BAEF95E003EB57B /* NCX DraftTests */,
				609069752BAEF95E003EB57B /* NCX DraftUITests */,
			);
		};
/* End PBXProject section */

/* Begin PBXResourcesBuildPhase section */
		609069542BAEF95D003EB57B /* Resources */ = {
			isa = PBXResourcesBuildPhase;
			buildActionMask = 2147483647;
			files = (
				609069662BAEF95E003EB57B /* LaunchScreen.storyboard in Resources */,
				609069632BAEF95E003EB57B /* Assets.xcassets in Resources */,
				609069612BAEF95D003EB57B /* Main.storyboard in Resources */,
			);
			runOnlyForDeploymentPostprocessing = 0;
		};
		6090696A2BAEF95E003EB57B /* Resources */ = {
			isa = PBXResourcesBuildPhase;
			buildActionMask = 2147483647;
			files = (
			);
			runOnlyForDeploymentPostprocessing = 0;
		};
		609069742BAEF95E003EB57B /* Resources */ = {
			isa = PBXResourcesBuildPhase;
			buildActionMask = 2147483647;
			files = (
			);
			runOnlyForDeploymentPostprocessing = 0;
		};
/* End PBXResourcesBuildPhase section */

/* Begin PBXSourcesBuildPhase section */
		609069522BAEF95D003EB57B /* Sources */ = {
			isa = PBXSourcesBuildPhase;
			buildActionMask = 2147483647;
			files = (
				6090695E2BAEF95D003EB57B /* ViewController.swift in Sources */,
				6090695A2BAEF95D003EB57B /* AppDelegate.swift in Sources */,
				6090695C2BAEF95D003EB57B /* SceneDelegate.swift in Sources */,
			);
			runOnlyForDeploymentPostprocessing = 0;
		};
		609069682BAEF95E003EB57B /* Sources */ = {
			isa = PBXSourcesBuildPhase;
			buildActionMask = 2147483647;
			files = (
				609069712BAEF95E003EB57B /* NCX_DraftTests.swift in Sources */,
			);
			runOnlyForDeploymentPostprocessing = 0;
		};
		609069722BAEF95E003EB57B /* Sources */ = {
			isa = PBXSourcesBuildPhase;
			buildActionMask = 2147483647;
			files = (
				6090697D2BAEF95E003EB57B /* NCX_DraftUITestsLaunchTests.swift in Sources */,
				6090697B2BAEF95E003EB57B /* NCX_DraftUITests.swift in Sources */,
			);
			runOnlyForDeploymentPostprocessing = 0;
		};
/* End PBXSourcesBuildPhase section */

/* Begin PBXTargetDependency section */
		6090696E2BAEF95E003EB57B /* PBXTargetDependency */ = {
			isa = PBXTargetDependency;
			target = 609069552BAEF95D003EB57B /* NCX Draft */;
			targetProxy = 6090696D2BAEF95E003EB57B /* PBXContainerItemProxy */;
		};
		609069782BAEF95E003EB57B /* PBXTargetDependency */ = {
			isa = PBXTargetDependency;
			target = 609069552BAEF95D003EB57B /* NCX Draft */;
			targetProxy = 609069772BAEF95E003EB57B /* PBXContainerItemProxy */;
		};
/* End PBXTargetDependency section */

/* Begin PBXVariantGroup section */
		6090695F2BAEF95D003EB57B /* Main.storyboard */ = {
			isa = PBXVariantGroup;
			children = (
				609069602BAEF95D003EB57B /* Base */,
			);
			name = Main.storyboard;
			sourceTree = "<group>";
		};
		609069642BAEF95E003EB57B /* LaunchScreen.storyboard */ = {
			isa = PBXVariantGroup;
			children = (
				609069652BAEF95E003EB57B /* Base */,
			);
			name = LaunchScreen.storyboard;
			sourceTree = "<group>";
		};
/* End PBXVariantGroup section */

/* Begin XCBuildConfiguration section */
		6090697E2BAEF95E003EB57B /* Debug */ = {
			isa = XCBuildConfiguration;
			buildSettings = {
				ALWAYS_SEARCH_USER_PATHS = NO;
				ASSETCATALOG_COMPILER_GENERATE_SWIFT_ASSET_SYMBOL_EXTENSIONS = YES;
				CLANG_ANALYZER_NONNULL = YES;
				CLANG_ANALYZER_NUMBER_OBJECT_CONVERSION = YES_AGGRESSIVE;
				CLANG_CXX_LANGUAGE_STANDARD = "gnu++20";
				CLANG_ENABLE_MODULES = YES;
				CLANG_ENABLE_OBJC_ARC = YES;
				CLANG_ENABLE_OBJC_WEAK = YES;
				CLANG_WARN_BLOCK_CAPTURE_AUTORELEASING = YES;
				CLANG_WARN_BOOL_CONVERSION = YES;
				CLANG_WARN_COMMA = YES;
				CLANG_WARN_CONSTANT_CONVERSION = YES;
				CLANG_WARN_DEPRECATED_OBJC_IMPLEMENTATIONS = YES;
				CLANG_WARN_DIRECT_OBJC_ISA_USAGE = YES_ERROR;
				CLANG_WARN_DOCUMENTATION_COMMENTS = YES;
				CLANG_WARN_EMPTY_BODY = YES;
				CLANG_WARN_ENUM_CONVERSION = YES;
				CLANG_WARN_INFINITE_RECURSION = YES;
				CLANG_WARN_INT_CONVERSION = YES;
				CLANG_WARN_NON_LITERAL_NULL_CONVERSION = YES;
				CLANG_WARN_OBJC_IMPLICIT_RETAIN_SELF = YES;
				CLANG_WARN_OBJC_LITERAL_CONVERSION = YES;
				CLANG_WARN_OBJC_ROOT_CLASS = YES_ERROR;
				CLANG_WARN_QUOTED_INCLUDE_IN_FRAMEWORK_HEADER = YES;
				CLANG_WARN_RANGE_LOOP_ANALYSIS = YES;
				CLANG_WARN_STRICT_PROTOTYPES = YES;
				CLANG_WARN_SUSPICIOUS_MOVE = YES;
				CLANG_WARN_UNGUARDED_AVAILABILITY = YES_AGGRESSIVE;
				CLANG_WARN_UNREACHABLE_CODE = YES;
				CLANG_WARN__DUPLICATE_METHOD_MATCH = YES;
				COPY_PHASE_STRIP = NO;
				DEBUG_INFORMATION_FORMAT = dwarf;
				ENABLE_STRICT_OBJC_MSGSEND = YES;
				ENABLE_TESTABILITY = YES;
				ENABLE_USER_SCRIPT_SANDBOXING = YES;
				GCC_C_LANGUAGE_STANDARD = gnu17;
				GCC_DYNAMIC_NO_PIC = NO;
				GCC_NO_COMMON_BLOCKS = YES;
				GCC_OPTIMIZATION_LEVEL = 0;
				GCC_PREPROCESSOR_DEFINITIONS = (
					"DEBUG=1",
					"$(inherited)",
				);
				GCC_WARN_64_TO_32_BIT_CONVERSION = YES;
				GCC_WARN_ABOUT_RETURN_TYPE = YES_ERROR;
				GCC_WARN_UNDECLARED_SELECTOR = YES;
				GCC_WARN_UNINITIALIZED_AUTOS = YES_AGGRESSIVE;
				GCC_WARN_UNUSED_FUNCTION = YES;
				GCC_WARN_UNUSED_VARIABLE = YES;
				IPHONEOS_DEPLOYMENT_TARGET = 17.0;
				LOCALIZATION_PREFERS_STRING_CATALOGS = YES;
				MTL_ENABLE_DEBUG_INFO = INCLUDE_SOURCE;
				MTL_FAST_MATH = YES;
				ONLY_ACTIVE_ARCH = YES;
				SDKROOT = iphoneos;
				SWIFT_ACTIVE_COMPILATION_CONDITIONS = "DEBUG $(inherited)";
				SWIFT_OPTIMIZATION_LEVEL = "-Onone";
			};
			name = Debug;
		};
		6090697F2BAEF95E003EB57B /* Release */ = {
			isa = XCBuildConfiguration;
			buildSettings = {
				ALWAYS_SEARCH_USER_PATHS = NO;
				ASSETCATALOG_COMPILER_GENERATE_SWIFT_ASSET_SYMBOL_EXTENSIONS = YES;
				CLANG_ANALYZER_NONNULL = YES;
				CLANG_ANALYZER_NUMBER_OBJECT_CONVERSION = YES_AGGRESSIVE;
				CLANG_CXX_LANGUAGE_STANDARD = "gnu++20";
				CLANG_ENABLE_MODULES = YES;
				CLANG_ENABLE_OBJC_ARC = YES;
				CLANG_ENABLE_OBJC_WEAK = YES;
				CLANG_WARN_BLOCK_CAPTURE_AUTORELEASING = YES;
				CLANG_WARN_BOOL_CONVERSION = YES;
				CLANG_WARN_COMMA = YES;
				CLANG_WARN_CONSTANT_CONVERSION = YES;
				CLANG_WARN_DEPRECATED_OBJC_IMPLEMENTATIONS = YES;
				CLANG_WARN_DIRECT_OBJC_ISA_USAGE = YES_ERROR;
				CLANG_WARN_DOCUMENTATION_COMMENTS = YES;
				CLANG_WARN_EMPTY_BODY = YES;
				CLANG_WARN_ENUM_CONVERSION = YES;
				CLANG_WARN_INFINITE_RECURSION = YES;
				CLANG_WARN_INT_CONVERSION = YES;
				CLANG_WARN_NON_LITERAL_NULL_CONVERSION = YES;
				CLANG_WARN_OBJC_IMPLICIT_RETAIN_SELF = YES;
				CLANG_WARN_OBJC_LITERAL_CONVERSION = YES;
				CLANG_WARN_OBJC_ROOT_CLASS = YES_ERROR;
				CLANG_WARN_QUOTED_INCLUDE_IN_FRAMEWORK_HEADER = YES;
				CLANG_WARN_RANGE_LOOP_ANALYSIS = YES;
				CLANG_WARN_STRICT_PROTOTYPES = YES;
				CLANG_WARN_SUSPICIOUS_MOVE = YES;
				CLANG_WARN_UNGUARDED_AVAILABILITY = YES_AGGRESSIVE;
				CLANG_WARN_UNREACHABLE_CODE = YES;
				CLANG_WARN__DUPLICATE_METHOD_MATCH = YES;
				COPY_PHASE_STRIP = NO;
				DEBUG_INFORMATION_FORMAT = "dwarf-with-dsym";
				ENABLE_NS_ASSERTIONS = NO;
				ENABLE_STRICT_OBJC_MSGSEND = YES;
				ENABLE_USER_SCRIPT_SANDBOXING = YES;
				GCC_C_LANGUAGE_STANDARD = gnu17;
				GCC_NO_COMMON_BLOCKS = YES;
				GCC_WARN_64_TO_32_BIT_CONVERSION = YES;
				GCC_WARN_ABOUT_RETURN_TYPE = YES_ERROR;
				GCC_WARN_UNDECLARED_SELECTOR = YES;
				GCC_WARN_UNINITIALIZED_AUTOS = YES_AGGRESSIVE;
				GCC_WARN_UNUSED_FUNCTION = YES;
				GCC_WARN_UNUSED_VARIABLE = YES;
				IPHONEOS_DEPLOYMENT_TARGET = 17.0;
				LOCALIZATION_PREFERS_STRING_CATALOGS = YES;
				MTL_ENABLE_DEBUG_INFO = NO;
				MTL_FAST_MATH = YES;
				SDKROOT = iphoneos;
				SWIFT_COMPILATION_MODE = wholemodule;
				VALIDATE_PRODUCT = YES;
			};
			name = Release;
		};
		609069812BAEF95E003EB57B /* Debug */ = {
			isa = XCBuildConfiguration;
			buildSettings = {
				ASSETCATALOG_COMPILER_APPICON_NAME = AppIcon;
				ASSETCATALOG_COMPILER_GLOBAL_ACCENT_COLOR_NAME = AccentColor;
				CODE_SIGN_STYLE = Automatic;
				CURRENT_PROJECT_VERSION = 1;
				DEVELOPMENT_TEAM = Z993Z64L49;
				GENERATE_INFOPLIST_FILE = YES;
				INFOPLIST_FILE = "NCX Draft/Info.plist";
				INFOPLIST_KEY_UIApplicationSupportsIndirectInputEvents = YES;
				INFOPLIST_KEY_UILaunchStoryboardName = LaunchScreen;
				INFOPLIST_KEY_UIMainStoryboardFile = Main;
				INFOPLIST_KEY_UISupportedInterfaceOrientations_iPad = "UIInterfaceOrientationPortrait UIInterfaceOrientationPortraitUpsideDown UIInterfaceOrientationLandscapeLeft UIInterfaceOrientationLandscapeRight";
				INFOPLIST_KEY_UISupportedInterfaceOrientations_iPhone = "UIInterfaceOrientationPortrait UIInterfaceOrientationLandscapeLeft UIInterfaceOrientationLandscapeRight";
				LD_RUNPATH_SEARCH_PATHS = (
					"$(inherited)",
					"@executable_path/Frameworks",
				);
				MARKETING_VERSION = 1.0;
				PRODUCT_BUNDLE_IDENTIFIER = "com.claudiomarciello.NCX-Draft";
				PRODUCT_NAME = "$(TARGET_NAME)";
				SWIFT_EMIT_LOC_STRINGS = YES;
				SWIFT_VERSION = 5.0;
				TARGETED_DEVICE_FAMILY = "1,2";
			};
			name = Debug;
		};
		609069822BAEF95E003EB57B /* Release */ = {
			isa = XCBuildConfiguration;
			buildSettings = {
				ASSETCATALOG_COMPILER_APPICON_NAME = AppIcon;
				ASSETCATALOG_COMPILER_GLOBAL_ACCENT_COLOR_NAME = AccentColor;
				CODE_SIGN_STYLE = Automatic;
				CURRENT_PROJECT_VERSION = 1;
				DEVELOPMENT_TEAM = Z993Z64L49;
				GENERATE_INFOPLIST_FILE = YES;
				INFOPLIST_FILE = "NCX Draft/Info.plist";
				INFOPLIST_KEY_UIApplicationSupportsIndirectInputEvents = YES;
				INFOPLIST_KEY_UILaunchStoryboardName = LaunchScreen;
				INFOPLIST_KEY_UIMainStoryboardFile = Main;
				INFOPLIST_KEY_UISupportedInterfaceOrientations_iPad = "UIInterfaceOrientationPortrait UIInterfaceOrientationPortraitUpsideDown UIInterfaceOrientationLandscapeLeft UIInterfaceOrientationLandscapeRight";
				INFOPLIST_KEY_UISupportedInterfaceOrientations_iPhone = "UIInterfaceOrientationPortrait UIInterfaceOrientationLandscapeLeft UIInterfaceOrientationLandscapeRight";
				LD_RUNPATH_SEARCH_PATHS = (
					"$(inherited)",
					"@executable_path/Frameworks",
				);
				MARKETING_VERSION = 1.0;
				PRODUCT_BUNDLE_IDENTIFIER = "com.claudiomarciello.NCX-Draft";
				PRODUCT_NAME = "$(TARGET_NAME)";
				SWIFT_EMIT_LOC_STRINGS = YES;
				SWIFT_VERSION = 5.0;
				TARGETED_DEVICE_FAMILY = "1,2";
			};
			name = Release;
		};
		609069842BAEF95E003EB57B /* Debug */ = {
			isa = XCBuildConfiguration;
			buildSettings = {
				ALWAYS_EMBED_SWIFT_STANDARD_LIBRARIES = YES;
				BUNDLE_LOADER = "$(TEST_HOST)";
				CODE_SIGN_STYLE = Automatic;
				CURRENT_PROJECT_VERSION = 1;
				DEVELOPMENT_TEAM = Z993Z64L49;
				GENERATE_INFOPLIST_FILE = YES;
				IPHONEOS_DEPLOYMENT_TARGET = 17.0;
				MARKETING_VERSION = 1.0;
				PRODUCT_BUNDLE_IDENTIFIER = "com.claudiomarciello.NCX-DraftTests";
				PRODUCT_NAME = "$(TARGET_NAME)";
				SWIFT_EMIT_LOC_STRINGS = NO;
				SWIFT_VERSION = 5.0;
				TARGETED_DEVICE_FAMILY = "1,2";
				TEST_HOST = "$(BUILT_PRODUCTS_DIR)/NCX Draft.app/$(BUNDLE_EXECUTABLE_FOLDER_PATH)/NCX Draft";
			};
			name = Debug;
		};
		609069852BAEF95E003EB57B /* Release */ = {
			isa = XCBuildConfiguration;
			buildSettings = {
				ALWAYS_EMBED_SWIFT_STANDARD_LIBRARIES = YES;
				BUNDLE_LOADER = "$(TEST_HOST)";
				CODE_SIGN_STYLE = Automatic;
				CURRENT_PROJECT_VERSION = 1;
				DEVELOPMENT_TEAM = Z993Z64L49;
				GENERATE_INFOPLIST_FILE = YES;
				IPHONEOS_DEPLOYMENT_TARGET = 17.0;
				MARKETING_VERSION = 1.0;
				PRODUCT_BUNDLE_IDENTIFIER = "com.claudiomarciello.NCX-DraftTests";
				PRODUCT_NAME = "$(TARGET_NAME)";
				SWIFT_EMIT_LOC_STRINGS = NO;
				SWIFT_VERSION = 5.0;
				TARGETED_DEVICE_FAMILY = "1,2";
				TEST_HOST = "$(BUILT_PRODUCTS_DIR)/NCX Draft.app/$(BUNDLE_EXECUTABLE_FOLDER_PATH)/NCX Draft";
			};
			name = Release;
		};
		609069872BAEF95E003EB57B /* Debug */ = {
			isa = XCBuildConfiguration;
			buildSettings = {
				ALWAYS_EMBED_SWIFT_STANDARD_LIBRARIES = YES;
				CODE_SIGN_STYLE = Automatic;
				CURRENT_PROJECT_VERSION = 1;
				DEVELOPMENT_TEAM = Z993Z64L49;
				GENERATE_INFOPLIST_FILE = YES;
				MARKETING_VERSION = 1.0;
				PRODUCT_BUNDLE_IDENTIFIER = "com.claudiomarciello.NCX-DraftUITests";
				PRODUCT_NAME = "$(TARGET_NAME)";
				SWIFT_EMIT_LOC_STRINGS = NO;
				SWIFT_VERSION = 5.0;
				TARGETED_DEVICE_FAMILY = "1,2";
				TEST_TARGET_NAME = "NCX Draft";
			};
			name = Debug;
		};
		609069882BAEF95E003EB57B /* Release */ = {
			isa = XCBuildConfiguration;
			buildSettings = {
				ALWAYS_EMBED_SWIFT_STANDARD_LIBRARIES = YES;
				CODE_SIGN_STYLE = Automatic;
				CURRENT_PROJECT_VERSION = 1;
				DEVELOPMENT_TEAM = Z993Z64L49;
				GENERATE_INFOPLIST_FILE = YES;
				MARKETING_VERSION = 1.0;
				PRODUCT_BUNDLE_IDENTIFIER = "com.claudiomarciello.NCX-DraftUITests";
				PRODUCT_NAME = "$(TARGET_NAME)";
				SWIFT_EMIT_LOC_STRINGS = NO;
				SWIFT_VERSION = 5.0;
				TARGETED_DEVICE_FAMILY = "1,2";
				TEST_TARGET_NAME = "NCX Draft";
			};
			name = Release;
		};
/* End XCBuildConfiguration section */

/* Begin XCConfigurationList section */
		609069512BAEF95D003EB57B /* Build configuration list for PBXProject "NCX Draft" */ = {
			isa = XCConfigurationList;
			buildConfigurations = (
				6090697E2BAEF95E003EB57B /* Debug */,
				6090697F2BAEF95E003EB57B /* Release */,
			);
			defaultConfigurationIsVisible = 0;
			defaultConfigurationName = Release;
		};
		609069802BAEF95E003EB57B /* Build configuration list for PBXNativeTarget "NCX Draft" */ = {
			isa = XCConfigurationList;
			buildConfigurations = (
				609069812BAEF95E003EB57B /* Debug */,
				609069822BAEF95E003EB57B /* Release */,
			);
			defaultConfigurationIsVisible = 0;
			defaultConfigurationName = Release;
		};
		609069832BAEF95E003EB57B /* Build configuration list for PBXNativeTarget "NCX DraftTests" */ = {
			isa = XCConfigurationList;
			buildConfigurations = (
				609069842BAEF95E003EB57B /* Debug */,
				609069852BAEF95E003EB57B /* Release */,
			);
			defaultConfigurationIsVisible = 0;
			defaultConfigurationName = Release;
		};
		609069862BAEF95E003EB57B /* Build configuration list for PBXNativeTarget "NCX DraftUITests" */ = {
			isa = XCConfigurationList;
			buildConfigurations = (
				609069872BAEF95E003EB57B /* Debug */,
				609069882BAEF95E003EB57B /* Release */,
			);
			defaultConfigurationIsVisible = 0;
			defaultConfigurationName = Release;
		};
/* End XCConfigurationList section */
	};
	rootObject = 6090694E2BAEF95D003EB57B /* Project object */;
}
